# THIS IS AN AUTOGENERATED FILE. DO NOT EDIT THIS FILE DIRECTLY.
# yarn lockfile v1


"@alloc/quick-lru@^5.2.0":
  "integrity" "sha512-UrcABB+4bUrFABwbluTIBErXwvbsU/V7TZWfmbgJfbkwiBuziS9gxdODUyuiecfdGQ85jglMW6juS3+z5TsKLw=="
  "resolved" "https://registry.npmjs.org/@alloc/quick-lru/-/quick-lru-5.2.0.tgz"
  "version" "5.2.0"

"@next/env@13.4.7":
  "integrity" "sha512-ZlbiFulnwiFsW9UV1ku1OvX/oyIPLtMk9p/nnvDSwI0s7vSoZdRtxXNsaO+ZXrLv/pMbXVGq4lL8TbY9iuGmVw=="
  "resolved" "https://registry.npmjs.org/@next/env/-/env-13.4.7.tgz"
  "version" "13.4.7"

"@next/swc-darwin-arm64@13.4.7":
  "integrity" "sha512-VZTxPv1b59KGiv/pZHTO5Gbsdeoxcj2rU2cqJu03btMhHpn3vwzEK0gUSVC/XW96aeGO67X+cMahhwHzef24/w=="
  "resolved" "https://registry.npmjs.org/@next/swc-darwin-arm64/-/swc-darwin-arm64-13.4.7.tgz"
  "version" "13.4.7"

"@phosphor-icons/react@^2.1.7":
  "integrity" "sha512-g2e2eVAn1XG2a+LI09QU3IORLhnFNAFkNbo2iwbX6NOKSLOwvEMmTa7CgOzEbgNWR47z8i8kwjdvYZ5fkGx1mQ=="
  "resolved" "https://registry.npmjs.org/@phosphor-icons/react/-/react-2.1.7.tgz"
  "version" "2.1.7"

"@swc/helpers@0.5.1":
  "integrity" "sha512-sJ902EfIzn1Fa+qYmjdQqh8tPsoxyBz+8yBKC2HKUxyezKJFwPGOn7pv4WY6QuQW//ySQi5lJjA/ZT9sNWWNTg=="
  "resolved" "https://registry.npmjs.org/@swc/helpers/-/helpers-0.5.1.tgz"
  "version" "0.5.1"
  dependencies:
    "tslib" "^2.4.0"

"@tailwindcss/node@4.0.12":
  "integrity" "sha512-a6J11K1Ztdln9OrGfoM75/hChYPcHYGNYimqciMrvKXRmmPaS8XZTHhdvb5a3glz4Kd4ZxE1MnuFE2c0fGGmtg=="
  "resolved" "https://registry.npmjs.org/@tailwindcss/node/-/node-4.0.12.tgz"
  "version" "4.0.12"
  dependencies:
    "enhanced-resolve" "^5.18.1"
    "jiti" "^2.4.2"
    "tailwindcss" "4.0.12"

"@tailwindcss/oxide-darwin-arm64@4.0.12":
  "integrity" "sha512-vPNI+TpJQ7sizselDXIJdYkx9Cu6JBdtmRWujw9pVIxW8uz3O2PjgGGzL/7A0sXI8XDjSyRChrUnEW9rQygmJQ=="
  "resolved" "https://registry.npmjs.org/@tailwindcss/oxide-darwin-arm64/-/oxide-darwin-arm64-4.0.12.tgz"
  "version" "4.0.12"

"@tailwindcss/oxide@4.0.12":
  "integrity" "sha512-DWb+myvJB9xJwelwT9GHaMc1qJj6MDXRDR0CS+T8IdkejAtu8ctJAgV4r1drQJLPeS7mNwq2UHW2GWrudTf63A=="
  "resolved" "https://registry.npmjs.org/@tailwindcss/oxide/-/oxide-4.0.12.tgz"
  "version" "4.0.12"
  optionalDependencies:
    "@tailwindcss/oxide-android-arm64" "4.0.12"
    "@tailwindcss/oxide-darwin-arm64" "4.0.12"
    "@tailwindcss/oxide-darwin-x64" "4.0.12"
    "@tailwindcss/oxide-freebsd-x64" "4.0.12"
    "@tailwindcss/oxide-linux-arm-gnueabihf" "4.0.12"
    "@tailwindcss/oxide-linux-arm64-gnu" "4.0.12"
    "@tailwindcss/oxide-linux-arm64-musl" "4.0.12"
    "@tailwindcss/oxide-linux-x64-gnu" "4.0.12"
    "@tailwindcss/oxide-linux-x64-musl" "4.0.12"
    "@tailwindcss/oxide-win32-arm64-msvc" "4.0.12"
    "@tailwindcss/oxide-win32-x64-msvc" "4.0.12"

"@tailwindcss/postcss@^4.0.12":
  "integrity" "sha512-r59Sdr8djCW4dL3kvc4aWU8PHdUAVM3O3te2nbYzXsWwKLlHPCuUoZAc9FafXb/YyNDZOMI7sTbKTKFmwOrMjw=="
  "resolved" "https://registry.npmjs.org/@tailwindcss/postcss/-/postcss-4.0.12.tgz"
  "version" "4.0.12"
  dependencies:
    "@alloc/quick-lru" "^5.2.0"
    "@tailwindcss/node" "4.0.12"
    "@tailwindcss/oxide" "4.0.12"
    "lightningcss" "^1.29.1"
    "postcss" "^8.4.41"
    "tailwindcss" "4.0.12"

"@types/node@22.10.10":
  "integrity" "sha512-X47y/mPNzxviAGY5TcYPtYL8JsY3kAq2n8fMmKoRCxq/c4v4pyGNCzM2R6+M5/umG4ZfHuT+sgqDYqWc9rJ6ww=="
  "resolved" "https://registry.npmjs.org/@types/node/-/node-22.10.10.tgz"
  "version" "22.10.10"
  dependencies:
    "undici-types" "~6.20.0"

"@types/react@19.0.8":
  "integrity" "sha512-9P/o1IGdfmQxrujGbIMDyYaaCykhLKc0NGCtYcECNUr9UAaDe4gwvV9bR6tvd5Br1SG0j+PBpbKr2UYY8CwqSw=="
  "resolved" "https://registry.npmjs.org/@types/react/-/react-19.0.8.tgz"
  "version" "19.0.8"
  dependencies:
    "csstype" "^3.0.2"

"busboy@1.6.0":
  "integrity" "sha512-8SFQbg/0hQ9xy3UNTB0YEnsNBbWfhf7RtnzpL7TkBiTBRfrQ9Fxcnz7VJsleJpyp6rVLvXiuORqjlHi5q+PYuA=="
  "resolved" "https://registry.npmjs.org/busboy/-/busboy-1.6.0.tgz"
  "version" "1.6.0"
  dependencies:
    "streamsearch" "^1.1.0"

"caniuse-lite@^1.0.30001406":
  "integrity" "sha512-pDCPkvzfa39ehJtJ+OwGT/2yvT2SbjfHhiIW2LWOAcMQ7BzwxT/XuyUp4OTOd0XFWA6BKw0JalnBHgSi5DGJBQ=="
  "resolved" "https://registry.npmjs.org/caniuse-lite/-/caniuse-lite-1.0.30001696.tgz"
  "version" "1.0.30001696"

"client-only@0.0.1":
  "integrity" "sha512-IV3Ou0jSMzZrd3pZ48nLkT9DA7Ag1pnPzaiQhpW7c3RbcqqzvzzVu+L8gfqMp/8IM2MQtSiqaCxrrcfu8I8rMA=="
  "resolved" "https://registry.npmjs.org/client-only/-/client-only-0.0.1.tgz"
  "version" "0.0.1"

"csstype@^3.0.2":
  "integrity" "sha512-M1uQkMl8rQK/szD0LNhtqxIPLpimGm8sOBwU7lLnCpSbTyY3yeU1Vc7l4KT5zT4s/yOxHH5O7tIuuLOCnLADRw=="
  "resolved" "https://registry.npmjs.org/csstype/-/csstype-3.1.3.tgz"
  "version" "3.1.3"

"detect-libc@^2.0.3":
  "integrity" "sha512-bwy0MGW55bG41VqxxypOsdSdGqLwXPI/focwgTYCFMbdUiBAxLg9CFzG08sz2aqzknwiX7Hkl0bQENjg8iLByw=="
  "resolved" "https://registry.npmjs.org/detect-libc/-/detect-libc-2.0.3.tgz"
  "version" "2.0.3"

"enhanced-resolve@^5.18.1":
  "integrity" "sha512-ZSW3ma5GkcQBIpwZTSRAI8N71Uuwgs93IezB7mf7R60tC8ZbJideoDNKjHn2O9KIlx6rkGTTEk1xUCK2E1Y2Yg=="
  "resolved" "https://registry.npmjs.org/enhanced-resolve/-/enhanced-resolve-5.18.1.tgz"
  "version" "5.18.1"
  dependencies:
    "graceful-fs" "^4.2.4"
    "tapable" "^2.2.0"

"glob-to-regexp@^0.4.1":
  "integrity" "sha512-lkX1HJXwyMcprw/5YUZc2s7DrpAiHB21/V+E1rHUrVNokkvB6bqMzT0VfV6/86ZNabt1k14YOIaT7nDvOX3Iiw=="
  "resolved" "https://registry.npmjs.org/glob-to-regexp/-/glob-to-regexp-0.4.1.tgz"
  "version" "0.4.1"

"graceful-fs@^4.1.2", "graceful-fs@^4.2.4":
  "integrity" "sha512-RbJ5/jmFcNNCcDV5o9eTnBLJ/HszWV0P73bc+Ff4nS/rJj+YaS6IGyiOL0VoBYX+l1Wrl3k63h/KrH+nhJ0XvQ=="
  "resolved" "https://registry.npmjs.org/graceful-fs/-/graceful-fs-4.2.11.tgz"
  "version" "4.2.11"

"jiti@^2.4.2":
  "integrity" "sha512-rg9zJN+G4n2nfJl5MW3BMygZX56zKPNVEYYqq7adpmMh4Jn2QNEwhvQlFy6jPVdcod7txZtKHWnyZiA3a0zP7A=="
  "resolved" "https://registry.npmjs.org/jiti/-/jiti-2.4.2.tgz"
  "version" "2.4.2"

"js-tokens@^3.0.0 || ^4.0.0":
  "integrity" "sha512-RdJUflcE3cUzKiMqQgsCu06FPu9UdIJO0beYbPhHN4k6apgJtifcoCtT9bcxOpYBtpD2kCM6Sbzg4CausW/PKQ=="
  "resolved" "https://registry.npmjs.org/js-tokens/-/js-tokens-4.0.0.tgz"
  "version" "4.0.0"

"lightningcss-darwin-arm64@1.29.2":
  "integrity" "sha512-cK/eMabSViKn/PG8U/a7aCorpeKLMlK0bQeNHmdb7qUnBkNPnL+oV5DjJUo0kqWsJUapZsM4jCfYItbqBDvlcA=="
  "resolved" "https://registry.npmjs.org/lightningcss-darwin-arm64/-/lightningcss-darwin-arm64-1.29.2.tgz"
  "version" "1.29.2"

"lightningcss@^1.29.1":
  "integrity" "sha512-6b6gd/RUXKaw5keVdSEtqFVdzWnU5jMxTUjA2bVcMNPLwSQ08Sv/UodBVtETLCn7k4S1Ibxwh7k68IwLZPgKaA=="
  "resolved" "https://registry.npmjs.org/lightningcss/-/lightningcss-1.29.2.tgz"
  "version" "1.29.2"
  dependencies:
    "detect-libc" "^2.0.3"
  optionalDependencies:
    "lightningcss-darwin-arm64" "1.29.2"
    "lightningcss-darwin-x64" "1.29.2"
    "lightningcss-freebsd-x64" "1.29.2"
    "lightningcss-linux-arm-gnueabihf" "1.29.2"
    "lightningcss-linux-arm64-gnu" "1.29.2"
    "lightningcss-linux-arm64-musl" "1.29.2"
    "lightningcss-linux-x64-gnu" "1.29.2"
    "lightningcss-linux-x64-musl" "1.29.2"
    "lightningcss-win32-arm64-msvc" "1.29.2"
    "lightningcss-win32-x64-msvc" "1.29.2"

"loose-envify@^1.1.0":
  "integrity" "sha512-lyuxPGr/Wfhrlem2CL/UcnUc1zcqKAImBDzukY7Y5F/yQiNdko6+fRLevlw1HgMySw7f611UIY408EtxRSoK3Q=="
  "resolved" "https://registry.npmjs.org/loose-envify/-/loose-envify-1.4.0.tgz"
  "version" "1.4.0"
  dependencies:
    "js-tokens" "^3.0.0 || ^4.0.0"

"nanoid@^3.3.4", "nanoid@^3.3.8":
  "integrity" "sha512-WNLf5Sd8oZxOm+TzppcYk8gVOgP+l58xNy58D0nbUnOxOWRWvlcCV4kUF7ltmI6PsrLl/BgKEyS4mqsGChFN0w=="
  "resolved" "https://registry.npmjs.org/nanoid/-/nanoid-3.3.8.tgz"
  "version" "3.3.8"

"next@13.4.7":
  "integrity" "sha512-M8z3k9VmG51SRT6v5uDKdJXcAqLzP3C+vaKfLIAM0Mhx1um1G7MDnO63+m52qPdZfrTFzMZNzfsgvm3ghuVHIQ=="
  "resolved" "https://registry.npmjs.org/next/-/next-13.4.7.tgz"
  "version" "13.4.7"
  dependencies:
    "@next/env" "13.4.7"
    "@swc/helpers" "0.5.1"
    "busboy" "1.6.0"
    "caniuse-lite" "^1.0.30001406"
    "postcss" "8.4.14"
    "styled-jsx" "5.1.1"
    "watchpack" "2.4.0"
    "zod" "3.21.4"
  optionalDependencies:
    "@next/swc-darwin-arm64" "13.4.7"
    "@next/swc-darwin-x64" "13.4.7"
    "@next/swc-linux-arm64-gnu" "13.4.7"
    "@next/swc-linux-arm64-musl" "13.4.7"
    "@next/swc-linux-x64-gnu" "13.4.7"
    "@next/swc-linux-x64-musl" "13.4.7"
    "@next/swc-win32-arm64-msvc" "13.4.7"
    "@next/swc-win32-ia32-msvc" "13.4.7"
    "@next/swc-win32-x64-msvc" "13.4.7"

"picocolors@^1.0.0", "picocolors@^1.1.1":
  "integrity" "sha512-xceH2snhtb5M9liqDsmEw56le376mTZkEX/jEb/RxNFyegNul7eNslCXP9FDj/Lcu0X8KEyMceP2ntpaHrDEVA=="
  "resolved" "https://registry.npmjs.org/picocolors/-/picocolors-1.1.1.tgz"
  "version" "1.1.1"

"postcss@^8.4.41", "postcss@^8.5.3":
  "integrity" "sha512-dle9A3yYxlBSrt8Fu+IpjGT8SY8hN0mlaA6GY8t0P5PjIOZemULz/E2Bnm/2dcUOena75OTNkHI76uZBNUUq3A=="
  "resolved" "https://registry.npmjs.org/postcss/-/postcss-8.5.3.tgz"
  "version" "8.5.3"
  dependencies:
    "nanoid" "^3.3.8"
    "picocolors" "^1.1.1"
    "source-map-js" "^1.2.1"

"postcss@8.4.14":
  "integrity" "sha512-E398TUmfAYFPBSdzgeieK2Y1+1cpdxJx8yXbK/m57nRhKSmk1GB2tO4lbLBtlkfPQTDKfe4Xqv1ASWPpayPEig=="
  "resolved" "https://registry.npmjs.org/postcss/-/postcss-8.4.14.tgz"
  "version" "8.4.14"
  dependencies:
    "nanoid" "^3.3.4"
    "picocolors" "^1.0.0"
    "source-map-js" "^1.0.2"

"react-dom@^18.2.0", "react-dom@>= 16.8", "react-dom@18.2.0":
  "integrity" "sha512-6IMTriUmvsjHUjNtEDudZfuDQUoWXVxKHhlEGSk81n4YFS+r/Kl99wXiwlVXtPBtJenozv2P+hxDsw9eA7Xo6g=="
  "resolved" "https://registry.npmjs.org/react-dom/-/react-dom-18.2.0.tgz"
  "version" "18.2.0"
  dependencies:
    "loose-envify" "^1.1.0"
    "scheduler" "^0.23.0"

"react@^18.2.0", "react@>= 16.8", "react@>= 16.8.0 || 17.x.x || ^18.0.0-0", "react@18.2.0":
  "integrity" "sha512-/3IjMdb2L9QbBdWiW5e3P2/npwMBaU9mHCSCUzNln0ZCYbcfTsGbTJrU/kGemdH2IWmB2ioZ+zkxtmq6g09fGQ=="
  "resolved" "https://registry.npmjs.org/react/-/react-18.2.0.tgz"
  "version" "18.2.0"
  dependencies:
    "loose-envify" "^1.1.0"

"scheduler@^0.23.0":
  "integrity" "sha512-UOShsPwz7NrMUqhR6t0hWjFduvOzbtv7toDH1/hIrfRNIDBnnBWd0CwJTGvTpngVlmwGCdP9/Zl/tVrDqcuYzQ=="
  "resolved" "https://registry.npmjs.org/scheduler/-/scheduler-0.23.2.tgz"
  "version" "0.23.2"
  dependencies:
    "loose-envify" "^1.1.0"

"source-map-js@^1.0.2", "source-map-js@^1.2.1":
  "integrity" "sha512-UXWMKhLOwVKb728IUtQPXxfYU+usdybtUrK/8uGE8CQMvrhOpwvzDBwj0QhSL7MQc7vIsISBG8VQ8+IDQxpfQA=="
  "resolved" "https://registry.npmjs.org/source-map-js/-/source-map-js-1.2.1.tgz"
  "version" "1.2.1"

"streamsearch@^1.1.0":
  "integrity" "sha512-Mcc5wHehp9aXz1ax6bZUyY5afg9u2rv5cqQI3mRrYkGC8rW2hM02jWuwjtL++LS5qinSyhj2QfLyNsuc+VsExg=="
  "resolved" "https://registry.npmjs.org/streamsearch/-/streamsearch-1.1.0.tgz"
  "version" "1.1.0"

"styled-jsx@5.1.1":
  "integrity" "sha512-pW7uC1l4mBZ8ugbiZrcIsiIvVx1UmTfw7UkC3Um2tmfUq9Bhk8IiyEIPl6F8agHgjzku6j0xQEZbfA5uSgSaCw=="
  "resolved" "https://registry.npmjs.org/styled-jsx/-/styled-jsx-5.1.1.tgz"
  "version" "5.1.1"
  dependencies:
    "client-only" "0.0.1"

"tailwindcss@^4.0.12", "tailwindcss@4.0.12":
  "integrity" "sha512-bT0hJo91FtncsAMSsMzUkoo/iEU0Xs5xgFgVC9XmdM9bw5MhZuQFjPNl6wxAE0SiQF/YTZJa+PndGWYSDtuxAg=="
  "resolved" "https://registry.npmjs.org/tailwindcss/-/tailwindcss-4.0.12.tgz"
  "version" "4.0.12"

"tapable@^2.2.0":
  "integrity" "sha512-GNzQvQTOIP6RyTfE2Qxb8ZVlNmw0n88vp1szwWRimP02mnTsx3Wtn5qRdqY9w2XduFNUgvOwhNnQsjwCp+kqaQ=="
  "resolved" "https://registry.npmjs.org/tapable/-/tapable-2.2.1.tgz"
  "version" "2.2.1"

"tslib@^2.4.0":
  "integrity" "sha512-oJFu94HQb+KVduSUQL7wnpmqnfmLsOA/nAh6b6EH0wCEoK0/mPeXU6c3wKDV83MkOuHPRHtSXKKU99IBazS/2w=="
  "resolved" "https://registry.npmjs.org/tslib/-/tslib-2.8.1.tgz"
  "version" "2.8.1"

"typescript@5.7.3":
  "integrity" "sha512-84MVSjMEHP+FQRPy3pX9sTVV/INIex71s9TL2Gm5FG/WG1SqXeKyZ0k7/blY/4FdOzI12CBy1vGc4og/eus0fw=="
  "resolved" "https://registry.npmjs.org/typescript/-/typescript-5.7.3.tgz"
  "version" "5.7.3"

"undici-types@~6.20.0":
  "integrity" "sha512-Ny6QZ2Nju20vw1SRHe3d9jVu6gJ+4e3+MMpqu7pqE5HT6WsTSlce++GQmK5UXS8mzV8DSYHrQH+Xrf2jVcuKNg=="
  "resolved" "https://registry.npmjs.org/undici-types/-/undici-types-6.20.0.tgz"
  "version" "6.20.0"

"watchpack@2.4.0":
  "integrity" "sha512-Lcvm7MGST/4fup+ifyKi2hjyIAwcdI4HRgtvTpIUxBRhB+RFtUh8XtDOxUfctVCnhVi+QQj49i91OyvzkJl6cg=="
  "resolved" "https://registry.npmjs.org/watchpack/-/watchpack-2.4.0.tgz"
  "version" "2.4.0"
  dependencies:
    "glob-to-regexp" "^0.4.1"
    "graceful-fs" "^4.1.2"

"zod@3.21.4":
  "integrity" "sha512-m46AKbrzKVzOzs/DZgVnG5H55N1sv1M8qZU3A8RIKbs3mrACDNeIOeilDymVb2HdmP8uwshOCF4uJ8uM9rCqJw=="
  "resolved" "https://registry.npmjs.org/zod/-/zod-3.21.4.tgz"
  "version" "3.21.4"
